<?xml version="1.0" encoding="utf-8"?>
<Project ToolsVersion="4.0" xmlns="http://schemas.microsoft.com/developer/msbuild/2003">
  <ItemGroup>
    <Filter Include="Source Files">
      <UniqueIdentifier>{4FC737F1-C7A5-4376-A066-2A32D752A2FF}</UniqueIdentifier>
      <Extensions>cpp;c;cc;cxx;def;odl;idl;hpj;bat;asm;asmx</Extensions>
    </Filter>
    <Filter Include="Header Files">
      <UniqueIdentifier>{93995380-89BD-4b04-88EB-625FBE52EBFB}</UniqueIdentifier>
      <Extensions>h;hh;hpp;hxx;hm;inl;inc;xsd</Extensions>
    </Filter>
    <Filter Include="Resource Files">
      <UniqueIdentifier>{67DA6AB6-F800-4c08-8B7A-83BB121AAD01}</UniqueIdentifier>
      <Extensions>rc;ico;cur;bmp;dlg;rc2;rct;bin;rgs;gif;jpg;jpeg;jpe;resx;tiff;tif;png;wav;mfcribbon-ms</Extensions>
    </Filter>
    <Filter Include="Source Files\Kompresja">
      <UniqueIdentifier>{467ef8f6-d580-4a63-a20e-41893f43d1b8}</UniqueIdentifier>
    </Filter>
    <Filter Include="Header Files\Kompresja">
      <UniqueIdentifier>{af32e881-3bf2-441e-8fda-de2f35c83a08}</UniqueIdentifier>
    </Filter>
    <Filter Include="Source Files\Dzwiek">
      <UniqueIdentifier>{de774db4-15a3-47fe-a782-71b67a056173}</UniqueIdentifier>
    </Filter>
    <Filter Include="Header Files\Dzwiek">
      <UniqueIdentifier>{3b18f21e-e1fc-41ab-b588-4c10c5205909}</UniqueIdentifier>
    </Filter>
    <Filter Include="Header Files\Siec">
      <UniqueIdentifier>{22d29cba-b50d-43ee-b89c-f2b1bd1387a4}</UniqueIdentifier>
    </Filter>
    <Filter Include="Source Files\Siec">
      <UniqueIdentifier>{6d12a0bb-cd10-4d11-93e3-ecea9eb80534}</UniqueIdentifier>
    </Filter>
  </ItemGroup>
  <ItemGroup>
    <ClCompile Include="Main.cpp">
      <Filter>Source Files</Filter>
    </ClCompile>
    <ClCompile Include="MainFun.cpp">
      <Filter>Source Files</Filter>
    </ClCompile>
    <ClCompile Include="Koder.cpp">
      <Filter>Source Files\Kompresja</Filter>
    </ClCompile>
    <ClCompile Include="AlgHuff.cpp">
      <Filter>Source Files\Kompresja</Filter>
    </ClCompile>
    <ClCompile Include="AlgLZ.cpp">
      <Filter>Source Files\Kompresja</Filter>
    </ClCompile>
    <ClCompile Include="AlgRLE.cpp">
      <Filter>Source Files\Kompresja</Filter>
    </ClCompile>
    <ClCompile Include="AlgRoznicowy.cpp">
      <Filter>Source Files\Kompresja</Filter>
    </ClCompile>
    <ClCompile Include="Entropy.cpp">
      <Filter>Source Files\Kompresja</Filter>
    </ClCompile>
    <ClCompile Include="HuffDrzewo.cpp">
      <Filter>Source Files\Kompresja</Filter>
    </ClCompile>
    <ClCompile Include="Kompresje.cpp">
      <Filter>Source Files</Filter>
    </ClCompile>
    <ClCompile Include="Dzwiek.cpp">
      <Filter>Source Files</Filter>
    </ClCompile>
    <ClCompile Include="RAWFile.cpp">
      <Filter>Source Files\Dzwiek</Filter>
    </ClCompile>
    <ClCompile Include="Kwantyzacja.cpp">
      <Filter>Source Files\Dzwiek</Filter>
    </ClCompile>
    <ClCompile Include="Audio.cpp">
      <Filter>Source Files\Dzwiek</Filter>
    </ClCompile>
    <ClCompile Include="Camouflage.cpp">
      <Filter>Source Files\Dzwiek</Filter>
    </ClCompile>
    <ClCompile Include="Complex.cpp">
      <Filter>Source Files\Dzwiek</Filter>
    </ClCompile>
    <ClCompile Include="DFT.cpp">
      <Filter>Source Files\Dzwiek</Filter>
    </ClCompile>
    <ClCompile Include="FrequencyFilter.cpp">
      <Filter>Source Files\Dzwiek</Filter>
    </ClCompile>
    <ClCompile Include="StopWatch.cpp">
      <Filter>Source Files</Filter>
    </ClCompile>
    <ClCompile Include="Siec.cpp">
      <Filter>Source Files</Filter>
    </ClCompile>
    <ClCompile Include="Printer.cpp">
      <Filter>Source Files\Dzwiek</Filter>
    </ClCompile>
  </ItemGroup>
  <ItemGroup>
    <ClInclude Include="Spis.h">
      <Filter>Header Files</Filter>
    </ClInclude>
    <ClInclude Include="AlgHuff.h">
      <Filter>Header Files\Kompresja</Filter>
    </ClInclude>
    <ClInclude Include="Koder.h">
      <Filter>Header Files\Kompresja</Filter>
    </ClInclude>
    <ClInclude Include="HuffDrzewo.h">
      <Filter>Header Files\Kompresja</Filter>
    </ClInclude>
    <ClInclude Include="Entropy.h">
      <Filter>Header Files\Kompresja</Filter>
    </ClInclude>
    <ClInclude Include="AlgRoznicowy.h">
      <Filter>Header Files\Kompresja</Filter>
    </ClInclude>
    <ClInclude Include="AlgRLE.h">
      <Filter>Header Files\Kompresja</Filter>
    </ClInclude>
    <ClInclude Include="AlgLZ.h">
      <Filter>Header Files\Kompresja</Filter>
    </ClInclude>
    <ClInclude Include="Kompresje.h">
      <Filter>Header Files</Filter>
    </ClInclude>
    <ClInclude Include="Dzwiek.h">
      <Filter>Header Files</Filter>
    </ClInclude>
    <ClInclude Include="Kwantyzacja.h">
      <Filter>Header Files\Dzwiek</Filter>
    </ClInclude>
    <ClInclude Include="Camouflage.h">
      <Filter>Header Files\Dzwiek</Filter>
    </ClInclude>
    <ClInclude Include="Complex.h">
      <Filter>Header Files\Dzwiek</Filter>
    </ClInclude>
    <ClInclude Include="DFT.h">
      <Filter>Header Files\Dzwiek</Filter>
    </ClInclude>
    <ClInclude Include="Audio.h">
      <Filter>Header Files\Dzwiek</Filter>
    </ClInclude>
    <ClInclude Include="FrequencyFilter.h">
      <Filter>Header Files\Dzwiek</Filter>
    </ClInclude>
    <ClInclude Include="Global.h">
      <Filter>Header Files\Dzwiek</Filter>
    </ClInclude>
    <ClInclude Include="RAWFile.h">
      <Filter>Header Files\Dzwiek</Filter>
    </ClInclude>
    <ClInclude Include="StopWatch.h">
      <Filter>Header Files</Filter>
    </ClInclude>
    <ClInclude Include="Siec.h">
      <Filter>Header Files</Filter>
    </ClInclude>
    <ClInclude Include="Printer.h">
      <Filter>Header Files\Dzwiek</Filter>
    </ClInclude>
  </ItemGroup>
</Project>